
Microsoft Visual Studio Solution File, Format Version 12.00
# Visual Studio 2012
Project("{8BC9CEB8-8B4A-11D0-8D11-00A0C91BC942}") = "guide-disable", "guide-disable\guide-disable.vcxproj", "{82FC8825-579A-41A7-9148-237B97905A9C}"
EndProject
Global
	GlobalSection(SolutionConfigurationPlatforms) = preSolution
		Debug|Win32 = Debug|Win32
		Release|Win32 = Release|Win32
	EndGlobalSection
	GlobalSection(ProjectConfigurationPlatforms) = postSolution
		{82FC8825-579A-41A7-9148-237B97905A9C}.Debug|Win32.ActiveCfg = Debug|Win32
		{82FC8825-579A-41A7-9148-237B97905A9C}.Debug|Win32.Build.0 = Debug|Win32
		{82FC8825-579A-41A7-9148-237B97905A9C}.Release|Win32.ActiveCfg = Release|Win32
		{82FC8825-579A-41A7-9148-237B97905A9C}.Release|Win32.Build.0 = Release|Win32
	EndGlobalSection
	GlobalSection(SolutionProperties) = preSolution
		HideSolutionNode = FALSE
	EndGlobalSection
EndGlobal
